
Microsoft Visual Studio Solution File, Format Version 12.00
# Visual Studio 15
VisualStudioVersion = 15.0.27130.2027
MinimumVisualStudioVersion = 10.0.40219.1
Project("{A07B5EB6-E848-4116-A8D0-A826331D98C6}") = "HelloWorldStateless", "HelloWorldStateless\HelloWorldStateless.sfproj", "{732F562C-A710-4BC5-A7CF-281B6B927815}"
EndProject
Project("{FAE04EC0-301F-11D3-BF4B-00C04F79EFBC}") = "HelloWorldStatelessService", "HelloWorldStatelessService\HelloWorldStatelessService.csproj", "{F7DE7F7D-C805-4728-A4A8-2411E656FC98}"
EndProject
Global
	GlobalSection(SolutionConfigurationPlatforms) = preSolution
		Debug|x64 = Debug|x64
		Release|x64 = Release|x64
	EndGlobalSection
	GlobalSection(ProjectConfigurationPlatforms) = postSolution
		{732F562C-A710-4BC5-A7CF-281B6B927815}.Debug|x64.ActiveCfg = Debug|x64
		{732F562C-A710-4BC5-A7CF-281B6B927815}.Debug|x64.Build.0 = Debug|x64
		{732F562C-A710-4BC5-A7CF-281B6B927815}.Debug|x64.Deploy.0 = Debug|x64
		{732F562C-A710-4BC5-A7CF-281B6B927815}.Release|x64.ActiveCfg = Release|x64
		{732F562C-A710-4BC5-A7CF-281B6B927815}.Release|x64.Build.0 = Release|x64
		{732F562C-A710-4BC5-A7CF-281B6B927815}.Release|x64.Deploy.0 = Release|x64
		{F7DE7F7D-C805-4728-A4A8-2411E656FC98}.Debug|x64.ActiveCfg = Debug|x64
		{F7DE7F7D-C805-4728-A4A8-2411E656FC98}.Debug|x64.Build.0 = Debug|x64
		{F7DE7F7D-C805-4728-A4A8-2411E656FC98}.Release|x64.ActiveCfg = Release|x64
		{F7DE7F7D-C805-4728-A4A8-2411E656FC98}.Release|x64.Build.0 = Release|x64
	EndGlobalSection
	GlobalSection(SolutionProperties) = preSolution
		HideSolutionNode = FALSE
	EndGlobalSection
	GlobalSection(ExtensibilityGlobals) = postSolution
		SolutionGuid = {4C834DF3-22E0-48F4-AEDC-0482BB34A435}
	EndGlobalSection
EndGlobal
